// !$*UTF8*$!
{
	archiveVersion = 1;
	classes = {
	};
	objectVersion = 46;
	objects = {

/* Begin PBXBuildFile section */
		3A836480CECF90E269C273CB /* libPods.a in Frameworks */ = {isa = PBXBuildFile; fileRef = 3CE3D8DF4BA34349EE1C4B86 /* libPods.a */; };
		3BF3DF5F1C5B195E008C8BDC /* AppDelegate.swift in Sources */ = {isa = PBXBuildFile; fileRef = 3BF3DF581C5B195E008C8BDC /* AppDelegate.swift */; };
		3BF3DF831C5B341E008C8BDC /* WTTabBarController.m in Sources */ = {isa = PBXBuildFile; fileRef = 3BF3DF821C5B341E008C8BDC /* WTTabBarController.m */; };
		3BF3DF881C5B347C008C8BDC /* ToolClassExtension.swift in Sources */ = {isa = PBXBuildFile; fileRef = 3BF3DF851C5B347C008C8BDC /* ToolClassExtension.swift */; };
		3BF3DF891C5B347C008C8BDC /* WT_BaseViewController.m in Sources */ = {isa = PBXBuildFile; fileRef = 3BF3DF871C5B347C008C8BDC /* WT_BaseViewController.m */; };
		3BF3DF9E1C5B34C7008C8BDC /* AnimationTools.swift in Sources */ = {isa = PBXBuildFile; fileRef = 3BF3DF8C1C5B34C7008C8BDC /* AnimationTools.swift */; };
		3BF3DF9F1C5B34C7008C8BDC /* AnimationViewController.swift in Sources */ = {isa = PBXBuildFile; fileRef = 3BF3DF8D1C5B34C7008C8BDC /* AnimationViewController.swift */; };
		3BF3DFA01C5B34C7008C8BDC /* BlockUseVC.m in Sources */ = {isa = PBXBuildFile; fileRef = 3BF3DF8F1C5B34C7008C8BDC /* BlockUseVC.m */; };
		3BF3DFA11C5B34C7008C8BDC /* NetWork_AlamofireBaseUse.swift in Sources */ = {isa = PBXBuildFile; fileRef = 3BF3DF911C5B34C7008C8BDC /* NetWork_AlamofireBaseUse.swift */; };
		3BF3DFA21C5B34C7008C8BDC /* NetWorkRequestViewController.swift in Sources */ = {isa = PBXBuildFile; fileRef = 3BF3DF921C5B34C7008C8BDC /* NetWorkRequestViewController.swift */; };
		3BF3DFA31C5B34C7008C8BDC /* UIButtonUseVC.swift in Sources */ = {isa = PBXBuildFile; fileRef = 3BF3DF941C5B34C7008C8BDC /* UIButtonUseVC.swift */; };
		3BF3DFA41C5B34C7008C8BDC /* UIImageViewUseVC.swift in Sources */ = {isa = PBXBuildFile; fileRef = 3BF3DF951C5B34C7008C8BDC /* UIImageViewUseVC.swift */; };
		3BF3DFA51C5B34C7008C8BDC /* UIKitViewController.swift in Sources */ = {isa = PBXBuildFile; fileRef = 3BF3DF961C5B34C7008C8BDC /* UIKitViewController.swift */; };
		3BF3DFA61C5B34C7008C8BDC /* UILabUseVC.swift in Sources */ = {isa = PBXBuildFile; fileRef = 3BF3DF971C5B34C7008C8BDC /* UILabUseVC.swift */; };
		3BF3DFA71C5B34C7008C8BDC /* WTCommomViewController.swift in Sources */ = {isa = PBXBuildFile; fileRef = 3BF3DF981C5B34C7008C8BDC /* WTCommomViewController.swift */; };
		3BF3DFA81C5B34C7008C8BDC /* WTAddressBookVC.m in Sources */ = {isa = PBXBuildFile; fileRef = 3BF3DF9B1C5B34C7008C8BDC /* WTAddressBookVC.m */; };
		3BF3DFA91C5B34C7008C8BDC /* WTScanerViewController.m in Sources */ = {isa = PBXBuildFile; fileRef = 3BF3DF9D1C5B34C7008C8BDC /* WTScanerViewController.m */; };
		3BF3DFAB1C5B3531008C8BDC /* Macro.swift in Sources */ = {isa = PBXBuildFile; fileRef = 3BF3DFAA1C5B3531008C8BDC /* Macro.swift */; };
		3BF3DFAF1C5B36A6008C8BDC /* InterestingVC.m in Sources */ = {isa = PBXBuildFile; fileRef = 3BF3DFAE1C5B36A6008C8BDC /* InterestingVC.m */; };
		3BF3DFB31C5B3F8A008C8BDC /* ToDoViewController.m in Sources */ = {isa = PBXBuildFile; fileRef = 3BF3DFB21C5B3F8A008C8BDC /* ToDoViewController.m */; };
		3BF3DFB51C5B4462008C8BDC /* Main.storyboard in Resources */ = {isa = PBXBuildFile; fileRef = 3BF3DFB41C5B4462008C8BDC /* Main.storyboard */; };
		3BF3DFB71C5B5246008C8BDC /* Assets.xcassets in Resources */ = {isa = PBXBuildFile; fileRef = 3BF3DFB61C5B5246008C8BDC /* Assets.xcassets */; };
/* End PBXBuildFile section */

/* Begin PBXContainerItemProxy section */
		3BF3DF0B1C5B165E008C8BDC /* PBXContainerItemProxy */ = {
			isa = PBXContainerItemProxy;
			containerPortal = 3BF3DEEE1C5B165D008C8BDC /* Project object */;
			proxyType = 1;
			remoteGlobalIDString = 3BF3DEF51C5B165D008C8BDC;
			remoteInfo = WT_Demo;
		};
		3BF3DF161C5B165E008C8BDC /* PBXContainerItemProxy */ = {
			isa = PBXContainerItemProxy;
			containerPortal = 3BF3DEEE1C5B165D008C8BDC /* Project object */;
			proxyType = 1;
			remoteGlobalIDString = 3BF3DEF51C5B165D008C8BDC;
			remoteInfo = WT_Demo;
		};
/* End PBXContainerItemProxy section */

/* Begin PBXFileReference section */
		3BF3DF581C5B195E008C8BDC /* AppDelegate.swift */ = {isa = PBXFileReference; fileEncoding = 4; lastKnownFileType = sourcecode.swift; path = AppDelegate.swift; sourceTree = "<group>"; };
		3BF3DF5E1C5B195E008C8BDC /* Info.plist */ = {isa = PBXFileReference; fileEncoding = 4; lastKnownFileType = text.plist.xml; path = Info.plist; sourceTree = "<group>"; };
		3BF3DF7C1C5B33CC008C8BDC /* WTDemo.app */ = {isa = PBXFileReference; explicitFileType = wrapper.application; includeInIndex = 0; path = WTDemo.app; sourceTree = BUILT_PRODUCTS_DIR; };
		3BF3DF7D1C5B33CC008C8BDC /* WTDemo.xctest */ = {isa = PBXFileReference; explicitFileType = wrapper.cfbundle; includeInIndex = 0; path = WTDemo.xctest; sourceTree = BUILT_PRODUCTS_DIR; };
		3BF3DF7E1C5B33CC008C8BDC /* WTDemo.xctest */ = {isa = PBXFileReference; explicitFileType = wrapper.cfbundle; includeInIndex = 0; path = WTDemo.xctest; sourceTree = BUILT_PRODUCTS_DIR; };
		3BF3DF801C5B341E008C8BDC /* WTDemo-Bridging-Header.h */ = {isa = PBXFileReference; lastKnownFileType = sourcecode.c.h; path = "WTDemo-Bridging-Header.h"; sourceTree = "<group>"; };
		3BF3DF811C5B341E008C8BDC /* WTTabBarController.h */ = {isa = PBXFileReference; fileEncoding = 4; lastKnownFileType = sourcecode.c.h; path = WTTabBarController.h; sourceTree = "<group>"; };
		3BF3DF821C5B341E008C8BDC /* WTTabBarController.m */ = {isa = PBXFileReference; fileEncoding = 4; lastKnownFileType = sourcecode.c.objc; path = WTTabBarController.m; sourceTree = "<group>"; };
		3BF3DF841C5B347C008C8BDC /* OCMacro.h */ = {isa = PBXFileReference; fileEncoding = 4; lastKnownFileType = sourcecode.c.h; path = OCMacro.h; sourceTree = "<group>"; };
		3BF3DF851C5B347C008C8BDC /* ToolClassExtension.swift */ = {isa = PBXFileReference; fileEncoding = 4; lastKnownFileType = sourcecode.swift; path = ToolClassExtension.swift; sourceTree = "<group>"; };
		3BF3DF861C5B347C008C8BDC /* WT_BaseViewController.h */ = {isa = PBXFileReference; fileEncoding = 4; lastKnownFileType = sourcecode.c.h; path = WT_BaseViewController.h; sourceTree = "<group>"; };
		3BF3DF871C5B347C008C8BDC /* WT_BaseViewController.m */ = {isa = PBXFileReference; fileEncoding = 4; lastKnownFileType = sourcecode.c.objc; path = WT_BaseViewController.m; sourceTree = "<group>"; };
		3BF3DF8C1C5B34C7008C8BDC /* AnimationTools.swift */ = {isa = PBXFileReference; fileEncoding = 4; lastKnownFileType = sourcecode.swift; path = AnimationTools.swift; sourceTree = "<group>"; };
		3BF3DF8D1C5B34C7008C8BDC /* AnimationViewController.swift */ = {isa = PBXFileReference; fileEncoding = 4; lastKnownFileType = sourcecode.swift; path = AnimationViewController.swift; sourceTree = "<group>"; };
		3BF3DF8E1C5B34C7008C8BDC /* BlockUseVC.h */ = {isa = PBXFileReference; fileEncoding = 4; lastKnownFileType = sourcecode.c.h; path = BlockUseVC.h; sourceTree = "<group>"; };
		3BF3DF8F1C5B34C7008C8BDC /* BlockUseVC.m */ = {isa = PBXFileReference; fileEncoding = 4; lastKnownFileType = sourcecode.c.objc; path = BlockUseVC.m; sourceTree = "<group>"; };
		3BF3DF911C5B34C7008C8BDC /* NetWork_AlamofireBaseUse.swift */ = {isa = PBXFileReference; fileEncoding = 4; lastKnownFileType = sourcecode.swift; path = NetWork_AlamofireBaseUse.swift; sourceTree = "<group>"; };
		3BF3DF921C5B34C7008C8BDC /* NetWorkRequestViewController.swift */ = {isa = PBXFileReference; fileEncoding = 4; lastKnownFileType = sourcecode.swift; path = NetWorkRequestViewController.swift; sourceTree = "<group>"; };
		3BF3DF941C5B34C7008C8BDC /* UIButtonUseVC.swift */ = {isa = PBXFileReference; fileEncoding = 4; lastKnownFileType = sourcecode.swift; path = UIButtonUseVC.swift; sourceTree = "<group>"; };
		3BF3DF951C5B34C7008C8BDC /* UIImageViewUseVC.swift */ = {isa = PBXFileReference; fileEncoding = 4; lastKnownFileType = sourcecode.swift; path = UIImageViewUseVC.swift; sourceTree = "<group>"; };
		3BF3DF961C5B34C7008C8BDC /* UIKitViewController.swift */ = {isa = PBXFileReference; fileEncoding = 4; lastKnownFileType = sourcecode.swift; path = UIKitViewController.swift; sourceTree = "<group>"; };
		3BF3DF971C5B34C7008C8BDC /* UILabUseVC.swift */ = {isa = PBXFileReference; fileEncoding = 4; lastKnownFileType = sourcecode.swift; path = UILabUseVC.swift; sourceTree = "<group>"; };
		3BF3DF981C5B34C7008C8BDC /* WTCommomViewController.swift */ = {isa = PBXFileReference; fileEncoding = 4; lastKnownFileType = sourcecode.swift; path = WTCommomViewController.swift; sourceTree = "<group>"; };
		3BF3DF9A1C5B34C7008C8BDC /* WTAddressBookVC.h */ = {isa = PBXFileReference; fileEncoding = 4; lastKnownFileType = sourcecode.c.h; path = WTAddressBookVC.h; sourceTree = "<group>"; };
		3BF3DF9B1C5B34C7008C8BDC /* WTAddressBookVC.m */ = {isa = PBXFileReference; fileEncoding = 4; lastKnownFileType = sourcecode.c.objc; path = WTAddressBookVC.m; sourceTree = "<group>"; };
		3BF3DF9C1C5B34C7008C8BDC /* WTScanerViewController.h */ = {isa = PBXFileReference; fileEncoding = 4; lastKnownFileType = sourcecode.c.h; path = WTScanerViewController.h; sourceTree = "<group>"; };
		3BF3DF9D1C5B34C7008C8BDC /* WTScanerViewController.m */ = {isa = PBXFileReference; fileEncoding = 4; lastKnownFileType = sourcecode.c.objc; path = WTScanerViewController.m; sourceTree = "<group>"; };
		3BF3DFAA1C5B3531008C8BDC /* Macro.swift */ = {isa = PBXFileReference; fileEncoding = 4; lastKnownFileType = sourcecode.swift; path = Macro.swift; sourceTree = "<group>"; };
		3BF3DFAD1C5B36A6008C8BDC /* InterestingVC.h */ = {isa = PBXFileReference; fileEncoding = 4; lastKnownFileType = sourcecode.c.h; path = InterestingVC.h; sourceTree = "<group>"; };
		3BF3DFAE1C5B36A6008C8BDC /* InterestingVC.m */ = {isa = PBXFileReference; fileEncoding = 4; lastKnownFileType = sourcecode.c.objc; path = InterestingVC.m; sourceTree = "<group>"; };
		3BF3DFB11C5B3F8A008C8BDC /* ToDoViewController.h */ = {isa = PBXFileReference; fileEncoding = 4; lastKnownFileType = sourcecode.c.h; name = ToDoViewController.h; path = SECTION/ToDo/ToDoViewController.h; sourceTree = "<group>"; };
		3BF3DFB21C5B3F8A008C8BDC /* ToDoViewController.m */ = {isa = PBXFileReference; fileEncoding = 4; lastKnownFileType = sourcecode.c.objc; name = ToDoViewController.m; path = SECTION/ToDo/ToDoViewController.m; sourceTree = "<group>"; };
		3BF3DFB41C5B4462008C8BDC /* Main.storyboard */ = {isa = PBXFileReference; fileEncoding = 4; lastKnownFileType = file.storyboard; path = Main.storyboard; sourceTree = "<group>"; };
		3BF3DFB61C5B5246008C8BDC /* Assets.xcassets */ = {isa = PBXFileReference; lastKnownFileType = folder.assetcatalog; path = Assets.xcassets; sourceTree = "<group>"; };
		3CE3D8DF4BA34349EE1C4B86 /* libPods.a */ = {isa = PBXFileReference; explicitFileType = archive.ar; includeInIndex = 0; path = libPods.a; sourceTree = BUILT_PRODUCTS_DIR; };
		927B65F23E27DD78E2916F4C /* Pods.release.xcconfig */ = {isa = PBXFileReference; includeInIndex = 1; lastKnownFileType = text.xcconfig; name = Pods.release.xcconfig; path = "Pods/Target Support Files/Pods/Pods.release.xcconfig"; sourceTree = "<group>"; };
		C338F9DA8DDA8389456BFE27 /* Pods.debug.xcconfig */ = {isa = PBXFileReference; includeInIndex = 1; lastKnownFileType = text.xcconfig; name = Pods.debug.xcconfig; path = "Pods/Target Support Files/Pods/Pods.debug.xcconfig"; sourceTree = "<group>"; };
/* End PBXFileReference section */

/* Begin PBXFrameworksBuildPhase section */
		3BF3DEF31C5B165D008C8BDC /* Frameworks */ = {
			isa = PBXFrameworksBuildPhase;
			buildActionMask = 2147483647;
			files = (
				3A836480CECF90E269C273CB /* libPods.a in Frameworks */,
			);
			runOnlyForDeploymentPostprocessing = 0;
		};
		3BF3DF071C5B165E008C8BDC /* Frameworks */ = {
			isa = PBXFrameworksBuildPhase;
			buildActionMask = 2147483647;
			files = (
			);
			runOnlyForDeploymentPostprocessing = 0;
		};
		3BF3DF121C5B165E008C8BDC /* Frameworks */ = {
			isa = PBXFrameworksBuildPhase;
			buildActionMask = 2147483647;
			files = (
			);
			runOnlyForDeploymentPostprocessing = 0;
		};
/* End PBXFrameworksBuildPhase section */

/* Begin PBXGroup section */
		3BF3DEED1C5B165D008C8BDC = {
			isa = PBXGroup;
			children = (
				3BF3DF571C5B195E008C8BDC /* lib */,
				3BF3DF641C5B3321008C8BDC /* SECTION */,
				3BF3DF7F1C5B33D2008C8BDC /* Else */,
				94F603F82144ECAEEB5211EA /* Pods */,
				927099F14D7D44C639116568 /* Frameworks */,
			);
			sourceTree = "<group>";
		};
		3BF3DF571C5B195E008C8BDC /* lib */ = {
			isa = PBXGroup;
			children = (
				3BF3DF5E1C5B195E008C8BDC /* Info.plist */,
				3BF3DFB61C5B5246008C8BDC /* Assets.xcassets */,
				3BF3DFB41C5B4462008C8BDC /* Main.storyboard */,
				3BF3DF581C5B195E008C8BDC /* AppDelegate.swift */,
				3BF3DF811C5B341E008C8BDC /* WTTabBarController.h */,
				3BF3DF821C5B341E008C8BDC /* WTTabBarController.m */,
				3BF3DF861C5B347C008C8BDC /* WT_BaseViewController.h */,
				3BF3DF871C5B347C008C8BDC /* WT_BaseViewController.m */,
				3BF3DF851C5B347C008C8BDC /* ToolClassExtension.swift */,
				3BF3DF801C5B341E008C8BDC /* WTDemo-Bridging-Header.h */,
				3BF3DF841C5B347C008C8BDC /* OCMacro.h */,
				3BF3DFAA1C5B3531008C8BDC /* Macro.swift */,
			);
			path = lib;
			sourceTree = "<group>";
		};
		3BF3DF641C5B3321008C8BDC /* SECTION */ = {
			isa = PBXGroup;
			children = (
				3BF3DF8A1C5B34C7008C8BDC /* CommomSection */,
				3BF3DFAC1C5B36A6008C8BDC /* InterestingSection */,
				3BF3DFB01C5B3F3A008C8BDC /* ToDo */,
			);
			name = SECTION;
			sourceTree = "<group>";
		};
		3BF3DF7F1C5B33D2008C8BDC /* Else */ = {
			isa = PBXGroup;
			children = (
				3BF3DF7C1C5B33CC008C8BDC /* WTDemo.app */,
				3BF3DF7D1C5B33CC008C8BDC /* WTDemo.xctest */,
				3BF3DF7E1C5B33CC008C8BDC /* WTDemo.xctest */,
			);
			name = Else;
			sourceTree = "<group>";
		};
		3BF3DF8A1C5B34C7008C8BDC /* CommomSection */ = {
			isa = PBXGroup;
			children = (
				3BF3DF981C5B34C7008C8BDC /* WTCommomViewController.swift */,
				3BF3DF8B1C5B34C7008C8BDC /* Animation */,
				3BF3DF901C5B34C7008C8BDC /* NetWork */,
				3BF3DF931C5B34C7008C8BDC /* UIKitFunction */,
				3BF3DF991C5B34C7008C8BDC /* WTFrameWork */,
				3BF3DF8E1C5B34C7008C8BDC /* BlockUseVC.h */,
				3BF3DF8F1C5B34C7008C8BDC /* BlockUseVC.m */,
			);
			name = CommomSection;
			path = SECTION/commomSection;
			sourceTree = "<group>";
		};
		3BF3DF8B1C5B34C7008C8BDC /* Animation */ = {
			isa = PBXGroup;
			children = (
				3BF3DF8D1C5B34C7008C8BDC /* AnimationViewController.swift */,
				3BF3DF8C1C5B34C7008C8BDC /* AnimationTools.swift */,
			);
			path = Animation;
			sourceTree = "<group>";
		};
		3BF3DF901C5B34C7008C8BDC /* NetWork */ = {
			isa = PBXGroup;
			children = (
				3BF3DF911C5B34C7008C8BDC /* NetWork_AlamofireBaseUse.swift */,
				3BF3DF921C5B34C7008C8BDC /* NetWorkRequestViewController.swift */,
			);
			path = NetWork;
			sourceTree = "<group>";
		};
		3BF3DF931C5B34C7008C8BDC /* UIKitFunction */ = {
			isa = PBXGroup;
			children = (
				3BF3DF941C5B34C7008C8BDC /* UIButtonUseVC.swift */,
				3BF3DF951C5B34C7008C8BDC /* UIImageViewUseVC.swift */,
				3BF3DF961C5B34C7008C8BDC /* UIKitViewController.swift */,
				3BF3DF971C5B34C7008C8BDC /* UILabUseVC.swift */,
			);
			path = UIKitFunction;
			sourceTree = "<group>";
		};
		3BF3DF991C5B34C7008C8BDC /* WTFrameWork */ = {
			isa = PBXGroup;
			children = (
				3BF3DF9A1C5B34C7008C8BDC /* WTAddressBookVC.h */,
				3BF3DF9B1C5B34C7008C8BDC /* WTAddressBookVC.m */,
				3BF3DF9C1C5B34C7008C8BDC /* WTScanerViewController.h */,
				3BF3DF9D1C5B34C7008C8BDC /* WTScanerViewController.m */,
			);
			path = WTFrameWork;
			sourceTree = "<group>";
		};
		3BF3DFAC1C5B36A6008C8BDC /* InterestingSection */ = {
			isa = PBXGroup;
			children = (
				3BF3DFAD1C5B36A6008C8BDC /* InterestingVC.h */,
				3BF3DFAE1C5B36A6008C8BDC /* InterestingVC.m */,
			);
			name = InterestingSection;
			path = SECTION/InterestingSection;
			sourceTree = "<group>";
		};
		3BF3DFB01C5B3F3A008C8BDC /* ToDo */ = {
			isa = PBXGroup;
			children = (
				3BF3DFB11C5B3F8A008C8BDC /* ToDoViewController.h */,
				3BF3DFB21C5B3F8A008C8BDC /* ToDoViewController.m */,
			);
			name = ToDo;
			sourceTree = "<group>";
		};
		927099F14D7D44C639116568 /* Frameworks */ = {
			isa = PBXGroup;
			children = (
				3CE3D8DF4BA34349EE1C4B86 /* libPods.a */,
			);
			name = Frameworks;
			sourceTree = "<group>";
		};
		94F603F82144ECAEEB5211EA /* Pods */ = {
			isa = PBXGroup;
			children = (
				C338F9DA8DDA8389456BFE27 /* Pods.debug.xcconfig */,
				927B65F23E27DD78E2916F4C /* Pods.release.xcconfig */,
			);
			name = Pods;
			sourceTree = "<group>";
		};
/* End PBXGroup section */

/* Begin PBXNativeTarget section */
		3BF3DEF51C5B165D008C8BDC /* WTDemo */ = {
			isa = PBXNativeTarget;
			buildConfigurationList = 3BF3DF1E1C5B165E008C8BDC /* Build configuration list for PBXNativeTarget "WTDemo" */;
			buildPhases = (
				DF2A0006B98EC486ED6AA188 /* Check Pods Manifest.lock */,
				3BF3DEF21C5B165D008C8BDC /* Sources */,
				3BF3DEF31C5B165D008C8BDC /* Frameworks */,
				3BF3DEF41C5B165D008C8BDC /* Resources */,
				CE363FDB817174375D205EBA /* Embed Pods Frameworks */,
				4EC0C6FDEFF29E7C675965B2 /* Copy Pods Resources */,
			);
			buildRules = (
			);
			dependencies = (
			);
			name = WTDemo;
			productName = WT_Demo;
			productReference = 3BF3DF7C1C5B33CC008C8BDC /* WTDemo.app */;
			productType = "com.apple.product-type.application";
		};
		3BF3DF091C5B165E008C8BDC /* WTDemoTests */ = {
			isa = PBXNativeTarget;
			buildConfigurationList = 3BF3DF211C5B165E008C8BDC /* Build configuration list for PBXNativeTarget "WTDemoTests" */;
			buildPhases = (
				3BF3DF061C5B165E008C8BDC /* Sources */,
				3BF3DF071C5B165E008C8BDC /* Frameworks */,
				3BF3DF081C5B165E008C8BDC /* Resources */,
			);
			buildRules = (
			);
			dependencies = (
				3BF3DF0C1C5B165E008C8BDC /* PBXTargetDependency */,
			);
			name = WTDemoTests;
			productName = WT_DemoTests;
			productReference = 3BF3DF7D1C5B33CC008C8BDC /* WTDemo.xctest */;
			productType = "com.apple.product-type.bundle.unit-test";
		};
		3BF3DF141C5B165E008C8BDC /* WTDemoUITests */ = {
			isa = PBXNativeTarget;
			buildConfigurationList = 3BF3DF241C5B165E008C8BDC /* Build configuration list for PBXNativeTarget "WTDemoUITests" */;
			buildPhases = (
				3BF3DF111C5B165E008C8BDC /* Sources */,
				3BF3DF121C5B165E008C8BDC /* Frameworks */,
				3BF3DF131C5B165E008C8BDC /* Resources */,
			);
			buildRules = (
			);
			dependencies = (
				3BF3DF171C5B165E008C8BDC /* PBXTargetDependency */,
			);
			name = WTDemoUITests;
			productName = WT_DemoUITests;
			productReference = 3BF3DF7E1C5B33CC008C8BDC /* WTDemo.xctest */;
			productType = "com.apple.product-type.bundle.ui-testing";
		};
/* End PBXNativeTarget section */

/* Begin PBXProject section */
		3BF3DEEE1C5B165D008C8BDC /* Project object */ = {
			isa = PBXProject;
			attributes = {
				LastSwiftUpdateCheck = 0720;
				LastUpgradeCheck = 0720;
				ORGANIZATIONNAME = winter;
				TargetAttributes = {
					3BF3DEF51C5B165D008C8BDC = {
						CreatedOnToolsVersion = 7.2;
						DevelopmentTeam = PR996E9GST;
					};
					3BF3DF091C5B165E008C8BDC = {
						CreatedOnToolsVersion = 7.2;
						TestTargetID = 3BF3DEF51C5B165D008C8BDC;
					};
					3BF3DF141C5B165E008C8BDC = {
						CreatedOnToolsVersion = 7.2;
						TestTargetID = 3BF3DEF51C5B165D008C8BDC;
					};
				};
			};
			buildConfigurationList = 3BF3DEF11C5B165D008C8BDC /* Build configuration list for PBXProject "WTDemo" */;
			compatibilityVersion = "Xcode 3.2";
			developmentRegion = English;
			hasScannedForEncodings = 0;
			knownRegions = (
				en,
				Base,
			);
			mainGroup = 3BF3DEED1C5B165D008C8BDC;
			productRefGroup = 3BF3DEED1C5B165D008C8BDC;
			projectDirPath = "";
			projectRoot = "";
			targets = (
				3BF3DEF51C5B165D008C8BDC /* WTDemo */,
				3BF3DF091C5B165E008C8BDC /* WTDemoTests */,
				3BF3DF141C5B165E008C8BDC /* WTDemoUITests */,
			);
		};
/* End PBXProject section */

/* Begin PBXResourcesBuildPhase section */
		3BF3DEF41C5B165D008C8BDC /* Resources */ = {
			isa = PBXResourcesBuildPhase;
			buildActionMask = 2147483647;
			files = (
				3BF3DFB71C5B5246008C8BDC /* Assets.xcassets in Resources */,
				3BF3DFB51C5B4462008C8BDC /* Main.storyboard in Resources */,
			);
			runOnlyForDeploymentPostprocessing = 0;
		};
		3BF3DF081C5B165E008C8BDC /* Resources */ = {
			isa = PBXResourcesBuildPhase;
			buildActionMask = 2147483647;
			files = (
			);
			runOnlyForDeploymentPostprocessing = 0;
		};
		3BF3DF131C5B165E008C8BDC /* Resources */ = {
			isa = PBXResourcesBuildPhase;
			buildActionMask = 2147483647;
			files = (
			);
			runOnlyForDeploymentPostprocessing = 0;
		};
/* End PBXResourcesBuildPhase section */

/* Begin PBXShellScriptBuildPhase section */
		4EC0C6FDEFF29E7C675965B2 /* Copy Pods Resources */ = {
			isa = PBXShellScriptBuildPhase;
			buildActionMask = 2147483647;
			files = (
			);
			inputPaths = (
			);
			name = "Copy Pods Resources";
			outputPaths = (
			);
			runOnlyForDeploymentPostprocessing = 0;
			shellPath = /bin/sh;
			shellScript = "\"${SRCROOT}/Pods/Target Support Files/Pods/Pods-resources.sh\"\n";
			showEnvVarsInLog = 0;
		};
		CE363FDB817174375D205EBA /* Embed Pods Frameworks */ = {
			isa = PBXShellScriptBuildPhase;
			buildActionMask = 2147483647;
			files = (
			);
			inputPaths = (
			);
			name = "Embed Pods Frameworks";
			outputPaths = (
			);
			runOnlyForDeploymentPostprocessing = 0;
			shellPath = /bin/sh;
			shellScript = "\"${SRCROOT}/Pods/Target Support Files/Pods/Pods-frameworks.sh\"\n";
			showEnvVarsInLog = 0;
		};
		DF2A0006B98EC486ED6AA188 /* Check Pods Manifest.lock */ = {
			isa = PBXShellScriptBuildPhase;
			buildActionMask = 2147483647;
			files = (
			);
			inputPaths = (
			);
			name = "Check Pods Manifest.lock";
			outputPaths = (
			);
			runOnlyForDeploymentPostprocessing = 0;
			shellPath = /bin/sh;
			shellScript = "diff \"${PODS_ROOT}/../Podfile.lock\" \"${PODS_ROOT}/Manifest.lock\" > /dev/null\nif [[ $? != 0 ]] ; then\n    cat << EOM\nerror: The sandbox is not in sync with the Podfile.lock. Run 'pod install' or update your CocoaPods installation.\nEOM\n    exit 1\nfi\n";
			showEnvVarsInLog = 0;
		};
/* End PBXShellScriptBuildPhase section */

/* Begin PBXSourcesBuildPhase section */
		3BF3DEF21C5B165D008C8BDC /* Sources */ = {
			isa = PBXSourcesBuildPhase;
			buildActionMask = 2147483647;
			files = (
				3BF3DF9E1C5B34C7008C8BDC /* AnimationTools.swift in Sources */,
				3BF3DFA01C5B34C7008C8BDC /* BlockUseVC.m in Sources */,
				3BF3DFA41C5B34C7008C8BDC /* UIImageViewUseVC.swift in Sources */,
				3BF3DFAB1C5B3531008C8BDC /* Macro.swift in Sources */,
				3BF3DFA11C5B34C7008C8BDC /* NetWork_AlamofireBaseUse.swift in Sources */,
				3BF3DF881C5B347C008C8BDC /* ToolClassExtension.swift in Sources */,
				3BF3DFA51C5B34C7008C8BDC /* UIKitViewController.swift in Sources */,
				3BF3DFAF1C5B36A6008C8BDC /* InterestingVC.m in Sources */,
				3BF3DF831C5B341E008C8BDC /* WTTabBarController.m in Sources */,
				3BF3DFA81C5B34C7008C8BDC /* WTAddressBookVC.m in Sources */,
				3BF3DFA71C5B34C7008C8BDC /* WTCommomViewController.swift in Sources */,
				3BF3DFA91C5B34C7008C8BDC /* WTScanerViewController.m in Sources */,
				3BF3DF9F1C5B34C7008C8BDC /* AnimationViewController.swift in Sources */,
				3BF3DFB31C5B3F8A008C8BDC /* ToDoViewController.m in Sources */,
				3BF3DFA31C5B34C7008C8BDC /* UIButtonUseVC.swift in Sources */,
				3BF3DFA21C5B34C7008C8BDC /* NetWorkRequestViewController.swift in Sources */,
				3BF3DFA61C5B34C7008C8BDC /* UILabUseVC.swift in Sources */,
				3BF3DF891C5B347C008C8BDC /* WT_BaseViewController.m in Sources */,
				3BF3DF5F1C5B195E008C8BDC /* AppDelegate.swift in Sources */,
			);
			runOnlyForDeploymentPostprocessing = 0;
		};
		3BF3DF061C5B165E008C8BDC /* Sources */ = {
			isa = PBXSourcesBuildPhase;
			buildActionMask = 2147483647;
			files = (
			);
			runOnlyForDeploymentPostprocessing = 0;
		};
		3BF3DF111C5B165E008C8BDC /* Sources */ = {
			isa = PBXSourcesBuildPhase;
			buildActionMask = 2147483647;
			files = (
			);
			runOnlyForDeploymentPostprocessing = 0;
		};
/* End PBXSourcesBuildPhase section */

/* Begin PBXTargetDependency section */
		3BF3DF0C1C5B165E008C8BDC /* PBXTargetDependency */ = {
			isa = PBXTargetDependency;
			target = 3BF3DEF51C5B165D008C8BDC /* WTDemo */;
			targetProxy = 3BF3DF0B1C5B165E008C8BDC /* PBXContainerItemProxy */;
		};
		3BF3DF171C5B165E008C8BDC /* PBXTargetDependency */ = {
			isa = PBXTargetDependency;
			target = 3BF3DEF51C5B165D008C8BDC /* WTDemo */;
			targetProxy = 3BF3DF161C5B165E008C8BDC /* PBXContainerItemProxy */;
		};
/* End PBXTargetDependency section */

/* Begin XCBuildConfiguration section */
		3BF3DF1C1C5B165E008C8BDC /* Debug */ = {
			isa = XCBuildConfiguration;
			buildSettings = {
				ALWAYS_SEARCH_USER_PATHS = NO;
				CLANG_CXX_LANGUAGE_STANDARD = "gnu++0x";
				CLANG_CXX_LIBRARY = "libc++";
				CLANG_ENABLE_MODULES = YES;
				CLANG_ENABLE_OBJC_ARC = YES;
				CLANG_WARN_BOOL_CONVERSION = YES;
				CLANG_WARN_CONSTANT_CONVERSION = YES;
				CLANG_WARN_DIRECT_OBJC_ISA_USAGE = YES_ERROR;
				CLANG_WARN_EMPTY_BODY = YES;
				CLANG_WARN_ENUM_CONVERSION = YES;
				CLANG_WARN_INT_CONVERSION = YES;
				CLANG_WARN_OBJC_ROOT_CLASS = YES_ERROR;
				CLANG_WARN_UNREACHABLE_CODE = YES;
				CLANG_WARN__DUPLICATE_METHOD_MATCH = YES;
				"CODE_SIGN_IDENTITY[sdk=iphoneos*]" = "iPhone Developer";
				COPY_PHASE_STRIP = NO;
				DEBUG_INFORMATION_FORMAT = dwarf;
				ENABLE_STRICT_OBJC_MSGSEND = YES;
				ENABLE_TESTABILITY = YES;
				GCC_C_LANGUAGE_STANDARD = gnu99;
				GCC_DYNAMIC_NO_PIC = NO;
				GCC_NO_COMMON_BLOCKS = YES;
				GCC_OPTIMIZATION_LEVEL = 0;
				GCC_PREPROCESSOR_DEFINITIONS = (
					"DEBUG=1",
					"$(inherited)",
				);
				GCC_WARN_64_TO_32_BIT_CONVERSION = YES;
				GCC_WARN_ABOUT_RETURN_TYPE = YES_ERROR;
				GCC_WARN_UNDECLARED_SELECTOR = YES;
				GCC_WARN_UNINITIALIZED_AUTOS = YES_AGGRESSIVE;
				GCC_WARN_UNUSED_FUNCTION = YES;
				GCC_WARN_UNUSED_VARIABLE = YES;
				IPHONEOS_DEPLOYMENT_TARGET = 9.2;
				MTL_ENABLE_DEBUG_INFO = YES;
				ONLY_ACTIVE_ARCH = YES;
				SDKROOT = iphoneos9.2;
				SWIFT_OPTIMIZATION_LEVEL = "-Onone";
			};
			name = Debug;
		};
		3BF3DF1D1C5B165E008C8BDC /* Release */ = {
			isa = XCBuildConfiguration;
			buildSettings = {
				ALWAYS_SEARCH_USER_PATHS = NO;
				CLANG_CXX_LANGUAGE_STANDARD = "gnu++0x";
				CLANG_CXX_LIBRARY = "libc++";
				CLANG_ENABLE_MODULES = YES;
				CLANG_ENABLE_OBJC_ARC = YES;
				CLANG_WARN_BOOL_CONVERSION = YES;
				CLANG_WARN_CONSTANT_CONVERSION = YES;
				CLANG_WARN_DIRECT_OBJC_ISA_USAGE = YES_ERROR;
				CLANG_WARN_EMPTY_BODY = YES;
				CLANG_WARN_ENUM_CONVERSION = YES;
				CLANG_WARN_INT_CONVERSION = YES;
				CLANG_WARN_OBJC_ROOT_CLASS = YES_ERROR;
				CLANG_WARN_UNREACHABLE_CODE = YES;
				CLANG_WARN__DUPLICATE_METHOD_MATCH = YES;
				"CODE_SIGN_IDENTITY[sdk=iphoneos*]" = "iPhone Developer";
				COPY_PHASE_STRIP = NO;
				DEBUG_INFORMATION_FORMAT = "dwarf-with-dsym";
				ENABLE_NS_ASSERTIONS = NO;
				ENABLE_STRICT_OBJC_MSGSEND = YES;
				GCC_C_LANGUAGE_STANDARD = gnu99;
				GCC_NO_COMMON_BLOCKS = YES;
				GCC_WARN_64_TO_32_BIT_CONVERSION = YES;
				GCC_WARN_ABOUT_RETURN_TYPE = YES_ERROR;
				GCC_WARN_UNDECLARED_SELECTOR = YES;
				GCC_WARN_UNINITIALIZED_AUTOS = YES_AGGRESSIVE;
				GCC_WARN_UNUSED_FUNCTION = YES;
				GCC_WARN_UNUSED_VARIABLE = YES;
				IPHONEOS_DEPLOYMENT_TARGET = 9.2;
				MTL_ENABLE_DEBUG_INFO = NO;
				SDKROOT = iphoneos9.2;
				VALIDATE_PRODUCT = YES;
			};
			name = Release;
		};
		3BF3DF1F1C5B165E008C8BDC /* Debug */ = {
			isa = XCBuildConfiguration;
			baseConfigurationReference = C338F9DA8DDA8389456BFE27 /* Pods.debug.xcconfig */;
			buildSettings = {
				ASSETCATALOG_COMPILER_APPICON_NAME = AppIcon;
				ASSETCATALOG_COMPILER_LAUNCHIMAGE_NAME = LaunchImage;
				CLANG_ENABLE_MODULES = YES;
				CODE_SIGN_IDENTITY = "iPhone Developer";
				INFOPLIST_FILE = lib/Info.plist;
				IPHONEOS_DEPLOYMENT_TARGET = 8.3;
				LD_RUNPATH_SEARCH_PATHS = "$(inherited) @executable_path/Frameworks";
				PRODUCT_BUNDLE_IDENTIFIER = "wt.WT-Demo";
				PRODUCT_NAME = WTDemo;
				SWIFT_OBJC_BRIDGING_HEADER = "lib/WTDemo-Bridging-Header.h";
				SWIFT_OPTIMIZATION_LEVEL = "-Onone";
			};
			name = Debug;
		};
		3BF3DF201C5B165E008C8BDC /* Release */ = {
			isa = XCBuildConfiguration;
			baseConfigurationReference = 927B65F23E27DD78E2916F4C /* Pods.release.xcconfig */;
			buildSettings = {
				ASSETCATALOG_COMPILER_APPICON_NAME = AppIcon;
				ASSETCATALOG_COMPILER_LAUNCHIMAGE_NAME = LaunchImage;
				CLANG_ENABLE_MODULES = YES;
				CODE_SIGN_IDENTITY = "iPhone Developer";
				INFOPLIST_FILE = lib/Info.plist;
				IPHONEOS_DEPLOYMENT_TARGET = 8.3;
				LD_RUNPATH_SEARCH_PATHS = "$(inherited) @executable_path/Frameworks";
				PRODUCT_BUNDLE_IDENTIFIER = "wt.WT-Demo";
				PRODUCT_NAME = WTDemo;
				SWIFT_OBJC_BRIDGING_HEADER = "lib/WTDemo-Bridging-Header.h";
			};
			name = Release;
		};
		3BF3DF221C5B165E008C8BDC /* Debug */ = {
			isa = XCBuildConfiguration;
			buildSettings = {
				BUNDLE_LOADER = "$(TEST_HOST)";
				INFOPLIST_FILE = WT_DemoTests/Info.plist;
				LD_RUNPATH_SEARCH_PATHS = "$(inherited) @executable_path/Frameworks @loader_path/Frameworks";
				PRODUCT_BUNDLE_IDENTIFIER = "wt.WT-DemoTests";
				PRODUCT_NAME = WTDemo;
				TEST_HOST = "$(BUILT_PRODUCTS_DIR)/WTDemo.app/WTDemo";
			};
			name = Debug;
		};
		3BF3DF231C5B165E008C8BDC /* Release */ = {
			isa = XCBuildConfiguration;
			buildSettings = {
				BUNDLE_LOADER = "$(TEST_HOST)";
				INFOPLIST_FILE = WT_DemoTests/Info.plist;
				LD_RUNPATH_SEARCH_PATHS = "$(inherited) @executable_path/Frameworks @loader_path/Frameworks";
				PRODUCT_BUNDLE_IDENTIFIER = "wt.WT-DemoTests";
				PRODUCT_NAME = WTDemo;
				TEST_HOST = "$(BUILT_PRODUCTS_DIR)/WTDemo.app/WTDemo";
			};
			name = Release;
		};
		3BF3DF251C5B165E008C8BDC /* Debug */ = {
			isa = XCBuildConfiguration;
			buildSettings = {
				INFOPLIST_FILE = WT_DemoUITests/Info.plist;
				LD_RUNPATH_SEARCH_PATHS = "$(inherited) @executable_path/Frameworks @loader_path/Frameworks";
				PRODUCT_BUNDLE_IDENTIFIER = "wt.WT-DemoUITests";
				PRODUCT_NAME = WTDemo;
				TEST_TARGET_NAME = WT_Demo;
				USES_XCTRUNNER = YES;
			};
			name = Debug;
		};
		3BF3DF261C5B165E008C8BDC /* Release */ = {
			isa = XCBuildConfiguration;
			buildSettings = {
				INFOPLIST_FILE = WT_DemoUITests/Info.plist;
				LD_RUNPATH_SEARCH_PATHS = "$(inherited) @executable_path/Frameworks @loader_path/Frameworks";
				PRODUCT_BUNDLE_IDENTIFIER = "wt.WT-DemoUITests";
				PRODUCT_NAME = WTDemo;
				TEST_TARGET_NAME = WT_Demo;
				USES_XCTRUNNER = YES;
			};
			name = Release;
		};
/* End XCBuildConfiguration section */

/* Begin XCConfigurationList section */
		3BF3DEF11C5B165D008C8BDC /* Build configuration list for PBXProject "WTDemo" */ = {
			isa = XCConfigurationList;
			buildConfigurations = (
				3BF3DF1C1C5B165E008C8BDC /* Debug */,
				3BF3DF1D1C5B165E008C8BDC /* Release */,
			);
			defaultConfigurationIsVisible = 0;
			defaultConfigurationName = Release;
		};
		3BF3DF1E1C5B165E008C8BDC /* Build configuration list for PBXNativeTarget "WTDemo" */ = {
			isa = XCConfigurationList;
			buildConfigurations = (
				3BF3DF1F1C5B165E008C8BDC /* Debug */,
				3BF3DF201C5B165E008C8BDC /* Release */,
			);
			defaultConfigurationIsVisible = 0;
			defaultConfigurationName = Release;
		};
		3BF3DF211C5B165E008C8BDC /* Build configuration list for PBXNativeTarget "WTDemoTests" */ = {
			isa = XCConfigurationList;
			buildConfigurations = (
				3BF3DF221C5B165E008C8BDC /* Debug */,
				3BF3DF231C5B165E008C8BDC /* Release */,
			);
			defaultConfigurationIsVisible = 0;
			defaultConfigurationName = Release;
		};
		3BF3DF241C5B165E008C8BDC /* Build configuration list for PBXNativeTarget "WTDemoUITests" */ = {
			isa = XCConfigurationList;
			buildConfigurations = (
				3BF3DF251C5B165E008C8BDC /* Debug */,
				3BF3DF261C5B165E008C8BDC /* Release */,
			);
			defaultConfigurationIsVisible = 0;
			defaultConfigurationName = Release;
		};
/* End XCConfigurationList section */
	};
	rootObject = 3BF3DEEE1C5B165D008C8BDC /* Project object */;
}
